// !$*UTF8*$!
{
	archiveVersion = 1;
	classes = {
	};
	objectVersion = 50;
	objects = {

/* Begin PBXBuildFile section */
		A0404A712732CE0B00C0F6F2 /* AppDelegate.swift in Sources */ = {isa = PBXBuildFile; fileRef = A0404A702732CE0B00C0F6F2 /* AppDelegate.swift */; };
		A0404A732732CE0B00C0F6F2 /* SceneDelegate.swift in Sources */ = {isa = PBXBuildFile; fileRef = A0404A722732CE0B00C0F6F2 /* SceneDelegate.swift */; };
		A0404A752732CE0B00C0F6F2 /* ViewController.swift in Sources */ = {isa = PBXBuildFile; fileRef = A0404A742732CE0B00C0F6F2 /* ViewController.swift */; };
		A0404A782732CE0B00C0F6F2 /* Main.storyboard in Resources */ = {isa = PBXBuildFile; fileRef = A0404A762732CE0B00C0F6F2 /* Main.storyboard */; };
		A0404A7A2732CE0D00C0F6F2 /* Assets.xcassets in Resources */ = {isa = PBXBuildFile; fileRef = A0404A792732CE0D00C0F6F2 /* Assets.xcassets */; };
		A0404A7D2732CE0D00C0F6F2 /* LaunchScreen.storyboard in Resources */ = {isa = PBXBuildFile; fileRef = A0404A7B2732CE0D00C0F6F2 /* LaunchScreen.storyboard */; };
		A0404A882732CECF00C0F6F2 /* PlayingCard.swift in Sources */ = {isa = PBXBuildFile; fileRef = A0404A872732CECF00C0F6F2 /* PlayingCard.swift */; };
		A0404A8C2732DF5F00C0F6F2 /* PlayingCardDeck.swift in Sources */ = {isa = PBXBuildFile; fileRef = A0404A8B2732DF5F00C0F6F2 /* PlayingCardDeck.swift */; };
		A04F53DA273CAAC500B64983 /* PlayingCardView.swift in Sources */ = {isa = PBXBuildFile; fileRef = A04F53D9273CAAC500B64983 /* PlayingCardView.swift */; };
/* End PBXBuildFile section */

/* Begin PBXFileReference section */
		A0404A6D2732CE0B00C0F6F2 /* PlayingCard.app */ = {isa = PBXFileReference; explicitFileType = wrapper.application; includeInIndex = 0; path = PlayingCard.app; sourceTree = BUILT_PRODUCTS_DIR; };
		A0404A702732CE0B00C0F6F2 /* AppDelegate.swift */ = {isa = PBXFileReference; lastKnownFileType = sourcecode.swift; path = AppDelegate.swift; sourceTree = "<group>"; };
		A0404A722732CE0B00C0F6F2 /* SceneDelegate.swift */ = {isa = PBXFileReference; lastKnownFileType = sourcecode.swift; path = SceneDelegate.swift; sourceTree = "<group>"; };
		A0404A742732CE0B00C0F6F2 /* ViewController.swift */ = {isa = PBXFileReference; lastKnownFileType = sourcecode.swift; path = ViewController.swift; sourceTree = "<group>"; };
		A0404A772732CE0B00C0F6F2 /* Base */ = {isa = PBXFileReference; lastKnownFileType = file.storyboard; name = Base; path = Base.lproj/Main.storyboard; sourceTree = "<group>"; };
		A0404A792732CE0D00C0F6F2 /* Assets.xcassets */ = {isa = PBXFileReference; lastKnownFileType = folder.assetcatalog; path = Assets.xcassets; sourceTree = "<group>"; };
		A0404A7C2732CE0D00C0F6F2 /* Base */ = {isa = PBXFileReference; lastKnownFileType = file.storyboard; name = Base; path = Base.lproj/LaunchScreen.storyboard; sourceTree = "<group>"; };
		A0404A7E2732CE0D00C0F6F2 /* Info.plist */ = {isa = PBXFileReference; lastKnownFileType = text.plist.xml; path = Info.plist; sourceTree = "<group>"; };
		A0404A872732CECF00C0F6F2 /* PlayingCard.swift */ = {isa = PBXFileReference; lastKnownFileType = sourcecode.swift; path = PlayingCard.swift; sourceTree = "<group>"; };
		A0404A8B2732DF5F00C0F6F2 /* PlayingCardDeck.swift */ = {isa = PBXFileReference; lastKnownFileType = sourcecode.swift; path = PlayingCardDeck.swift; sourceTree = "<group>"; };
		A04F53D9273CAAC500B64983 /* PlayingCardView.swift */ = {isa = PBXFileReference; lastKnownFileType = sourcecode.swift; path = PlayingCardView.swift; sourceTree = "<group>"; };
/* End PBXFileReference section */

/* Begin PBXFrameworksBuildPhase section */
		A0404A6A2732CE0B00C0F6F2 /* Frameworks */ = {
			isa = PBXFrameworksBuildPhase;
			buildActionMask = 2147483647;
			files = (
			);
			runOnlyForDeploymentPostprocessing = 0;
		};
/* End PBXFrameworksBuildPhase section */

/* Begin PBXGroup section */
		A0404A642732CE0B00C0F6F2 = {
			isa = PBXGroup;
			children = (
				A0404A6F2732CE0B00C0F6F2 /* PlayingCard */,
				A0404A6E2732CE0B00C0F6F2 /* Products */,
			);
			sourceTree = "<group>";
		};
		A0404A6E2732CE0B00C0F6F2 /* Products */ = {
			isa = PBXGroup;
			children = (
				A0404A6D2732CE0B00C0F6F2 /* PlayingCard.app */,
			);
			name = Products;
			sourceTree = "<group>";
		};
		A0404A6F2732CE0B00C0F6F2 /* PlayingCard */ = {
			isa = PBXGroup;
			children = (
				A04F53D9273CAAC500B64983 /* PlayingCardView.swift */,
				A0404A742732CE0B00C0F6F2 /* ViewController.swift */,
				A0404A762732CE0B00C0F6F2 /* Main.storyboard */,
				A0404A792732CE0D00C0F6F2 /* Assets.xcassets */,
				A0404A852732CE4100C0F6F2 /* SopportingFIles */,
				A0404A7E2732CE0D00C0F6F2 /* Info.plist */,
				A05AD8482756E8D40076A8BF /* Model */,
			);
			path = PlayingCard;
			sourceTree = "<group>";
		};
		A0404A852732CE4100C0F6F2 /* SopportingFIles */ = {
			isa = PBXGroup;
			children = (
				A0404A702732CE0B00C0F6F2 /* AppDelegate.swift */,
				A0404A722732CE0B00C0F6F2 /* SceneDelegate.swift */,
				A0404A7B2732CE0D00C0F6F2 /* LaunchScreen.storyboard */,
			);
			path = SopportingFIles;
			sourceTree = "<group>";
		};
		A05AD8482756E8D40076A8BF /* Model */ = {
			isa = PBXGroup;
			children = (
				A0404A872732CECF00C0F6F2 /* PlayingCard.swift */,
				A0404A8B2732DF5F00C0F6F2 /* PlayingCardDeck.swift */,
			);
			path = Model;
			sourceTree = "<group>";
		};
/* End PBXGroup section */

/* Begin PBXNativeTarget section */
		A0404A6C2732CE0B00C0F6F2 /* PlayingCard */ = {
			isa = PBXNativeTarget;
			buildConfigurationList = A0404A812732CE0D00C0F6F2 /* Build configuration list for PBXNativeTarget "PlayingCard" */;
			buildPhases = (
				A0404A692732CE0B00C0F6F2 /* Sources */,
				A0404A6A2732CE0B00C0F6F2 /* Frameworks */,
				A0404A6B2732CE0B00C0F6F2 /* Resources */,
			);
			buildRules = (
			);
			dependencies = (
			);
			name = PlayingCard;
			productName = PlayingCard;
			productReference = A0404A6D2732CE0B00C0F6F2 /* PlayingCard.app */;
			productType = "com.apple.product-type.application";
		};
/* End PBXNativeTarget section */

/* Begin PBXProject section */
		A0404A652732CE0B00C0F6F2 /* Project object */ = {
			isa = PBXProject;
			attributes = {
				LastSwiftUpdateCheck = 1240;
				LastUpgradeCheck = 1240;
				TargetAttributes = {
					A0404A6C2732CE0B00C0F6F2 = {
						CreatedOnToolsVersion = 12.4;
					};
				};
			};
			buildConfigurationList = A0404A682732CE0B00C0F6F2 /* Build configuration list for PBXProject "PlayingCard" */;
			compatibilityVersion = "Xcode 9.3";
			developmentRegion = en;
			hasScannedForEncodings = 0;
			knownRegions = (
				en,
				Base,
			);
			mainGroup = A0404A642732CE0B00C0F6F2;
			productRefGroup = A0404A6E2732CE0B00C0F6F2 /* Products */;
			projectDirPath = "";
			projectRoot = "";
			targets = (
				A0404A6C2732CE0B00C0F6F2 /* PlayingCard */,
			);
		};
/* End PBXProject section */

/* Begin PBXResourcesBuildPhase section */
		A0404A6B2732CE0B00C0F6F2 /* Resources */ = {
			isa = PBXResourcesBuildPhase;
			buildActionMask = 2147483647;
			files = (
				A0404A7D2732CE0D00C0F6F2 /* LaunchScreen.storyboard in Resources */,
				A0404A7A2732CE0D00C0F6F2 /* Assets.xcassets in Resources */,
				A0404A782732CE0B00C0F6F2 /* Main.storyboard in Resources */,
			);
			runOnlyForDeploymentPostprocessing = 0;
		};
/* End PBXResourcesBuildPhase section */

/* Begin PBXSourcesBuildPhase section */
		A0404A692732CE0B00C0F6F2 /* Sources */ = {
			isa = PBXSourcesBuildPhase;
			buildActionMask = 2147483647;
			files = (
				A0404A752732CE0B00C0F6F2 /* ViewController.swift in Sources */,
				A04F53DA273CAAC500B64983 /* PlayingCardView.swift in Sources */,
				A0404A712732CE0B00C0F6F2 /* AppDelegate.swift in Sources */,
				A0404A8C2732DF5F00C0F6F2 /* PlayingCardDeck.swift in Sources */,
				A0404A882732CECF00C0F6F2 /* PlayingCard.swift in Sources */,
				A0404A732732CE0B00C0F6F2 /* SceneDelegate.swift in Sources */,
			);
			runOnlyForDeploymentPostprocessing = 0;
		};
/* End PBXSourcesBuildPhase section */

/* Begin PBXVariantGroup section */
		A0404A762732CE0B00C0F6F2 /* Main.storyboard */ = {
			isa = PBXVariantGroup;
			children = (
				A0404A772732CE0B00C0F6F2 /* Base */,
			);
			name = Main.storyboard;
			sourceTree = "<group>";
		};
		A0404A7B2732CE0D00C0F6F2 /* LaunchScreen.storyboard */ = {
			isa = PBXVariantGroup;
			children = (
				A0404A7C2732CE0D00C0F6F2 /* Base */,
			);
			name = LaunchScreen.storyboard;
			sourceTree = "<group>";
		};
/* End PBXVariantGroup section */

/* Begin XCBuildConfiguration section */
		A0404A7F2732CE0D00C0F6F2 /* Debug */ = {
			isa = XCBuildConfiguration;
			buildSettings = {
				ALWAYS_SEARCH_USER_PATHS = NO;
				CLANG_ANALYZER_NONNULL = YES;
				CLANG_ANALYZER_NUMBER_OBJECT_CONVERSION = YES_AGGRESSIVE;
				CLANG_CXX_LANGUAGE_STANDARD = "gnu++14";
				CLANG_CXX_LIBRARY = "libc++";
				CLANG_ENABLE_MODULES = YES;
				CLANG_ENABLE_OBJC_ARC = YES;
				CLANG_ENABLE_OBJC_WEAK = YES;
				CLANG_WARN_BLOCK_CAPTURE_AUTORELEASING = YES;
				CLANG_WARN_BOOL_CONVERSION = YES;
				CLANG_WARN_COMMA = YES;
				CLANG_WARN_CONSTANT_CONVERSION = YES;
				CLANG_WARN_DEPRECATED_OBJC_IMPLEMENTATIONS = YES;
				CLANG_WARN_DIRECT_OBJC_ISA_USAGE = YES_ERROR;
				CLANG_WARN_DOCUMENTATION_COMMENTS = YES;
				CLANG_WARN_EMPTY_BODY = YES;
				CLANG_WARN_ENUM_CONVERSION = YES;
				CLANG_WARN_INFINITE_RECURSION = YES;
				CLANG_WARN_INT_CONVERSION = YES;
				CLANG_WARN_NON_LITERAL_NULL_CONVERSION = YES;
				CLANG_WARN_OBJC_IMPLICIT_RETAIN_SELF = YES;
				CLANG_WARN_OBJC_LITERAL_CONVERSION = YES;
				CLANG_WARN_OBJC_ROOT_CLASS = YES_ERROR;
				CLANG_WARN_QUOTED_INCLUDE_IN_FRAMEWORK_HEADER = YES;
				CLANG_WARN_RANGE_LOOP_ANALYSIS = YES;
				CLANG_WARN_STRICT_PROTOTYPES = YES;
				CLANG_WARN_SUSPICIOUS_MOVE = YES;
				CLANG_WARN_UNGUARDED_AVAILABILITY = YES_AGGRESSIVE;
				CLANG_WARN_UNREACHABLE_CODE = YES;
				CLANG_WARN__DUPLICATE_METHOD_MATCH = YES;
				COPY_PHASE_STRIP = NO;
				DEBUG_INFORMATION_FORMAT = dwarf;
				ENABLE_STRICT_OBJC_MSGSEND = YES;
				ENABLE_TESTABILITY = YES;
				GCC_C_LANGUAGE_STANDARD = gnu11;
				GCC_DYNAMIC_NO_PIC = NO;
				GCC_NO_COMMON_BLOCKS = YES;
				GCC_OPTIMIZATION_LEVEL = 0;
				GCC_PREPROCESSOR_DEFINITIONS = (
					"DEBUG=1",
					"$(inherited)",
				);
				GCC_WARN_64_TO_32_BIT_CONVERSION = YES;
				GCC_WARN_ABOUT_RETURN_TYPE = YES_ERROR;
				GCC_WARN_UNDECLARED_SELECTOR = YES;
				GCC_WARN_UNINITIALIZED_AUTOS = YES_AGGRESSIVE;
				GCC_WARN_UNUSED_FUNCTION = YES;
				GCC_WARN_UNUSED_VARIABLE = YES;
				IPHONEOS_DEPLOYMENT_TARGET = 14.4;
				MTL_ENABLE_DEBUG_INFO = INCLUDE_SOURCE;
				MTL_FAST_MATH = YES;
				ONLY_ACTIVE_ARCH = YES;
				SDKROOT = iphoneos;
				SWIFT_ACTIVE_COMPILATION_CONDITIONS = DEBUG;
				SWIFT_OPTIMIZATION_LEVEL = "-Onone";
			};
			name = Debug;
		};
		A0404A802732CE0D00C0F6F2 /* Release */ = {
			isa = XCBuildConfiguration;
			buildSettings = {
				ALWAYS_SEARCH_USER_PATHS = NO;
				CLANG_ANALYZER_NONNULL = YES;
				CLANG_ANALYZER_NUMBER_OBJECT_CONVERSION = YES_AGGRESSIVE;
				CLANG_CXX_LANGUAGE_STANDARD = "gnu++14";
				CLANG_CXX_LIBRARY = "libc++";
				CLANG_ENABLE_MODULES = YES;
				CLANG_ENABLE_OBJC_ARC = YES;
				CLANG_ENABLE_OBJC_WEAK = YES;
				CLANG_WARN_BLOCK_CAPTURE_AUTORELEASING = YES;
				CLANG_WARN_BOOL_CONVERSION = YES;
				CLANG_WARN_COMMA = YES;
				CLANG_WARN_CONSTANT_CONVERSION = YES;
				CLANG_WARN_DEPRECATED_OBJC_IMPLEMENTATIONS = YES;
				CLANG_WARN_DIRECT_OBJC_ISA_USAGE = YES_ERROR;
				CLANG_WARN_DOCUMENTATION_COMMENTS = YES;
				CLANG_WARN_EMPTY_BODY = YES;
				CLANG_WARN_ENUM_CONVERSION = YES;
				CLANG_WARN_INFINITE_RECURSION = YES;
				CLANG_WARN_INT_CONVERSION = YES;
				CLANG_WARN_NON_LITERAL_NULL_CONVERSION = YES;
				CLANG_WARN_OBJC_IMPLICIT_RETAIN_SELF = YES;
				CLANG_WARN_OBJC_LITERAL_CONVERSION = YES;
				CLANG_WARN_OBJC_ROOT_CLASS = YES_ERROR;
				CLANG_WARN_QUOTED_INCLUDE_IN_FRAMEWORK_HEADER = YES;
				CLANG_WARN_RANGE_LOOP_ANALYSIS = YES;
				CLANG_WARN_STRICT_PROTOTYPES = YES;
				CLANG_WARN_SUSPICIOUS_MOVE = YES;
				CLANG_WARN_UNGUARDED_AVAILABILITY = YES_AGGRESSIVE;
				CLANG_WARN_UNREACHABLE_CODE = YES;
				CLANG_WARN__DUPLICATE_METHOD_MATCH = YES;
				COPY_PHASE_STRIP = NO;
				DEBUG_INFORMATION_FORMAT = "dwarf-with-dsym";
				ENABLE_NS_ASSERTIONS = NO;
				ENABLE_STRICT_OBJC_MSGSEND = YES;
				GCC_C_LANGUAGE_STANDARD = gnu11;
				GCC_NO_COMMON_BLOCKS = YES;
				GCC_WARN_64_TO_32_BIT_CONVERSION = YES;
				GCC_WARN_ABOUT_RETURN_TYPE = YES_ERROR;
				GCC_WARN_UNDECLARED_SELECTOR = YES;
				GCC_WARN_UNINITIALIZED_AUTOS = YES_AGGRESSIVE;
				GCC_WARN_UNUSED_FUNCTION = YES;
				GCC_WARN_UNUSED_VARIABLE = YES;
				IPHONEOS_DEPLOYMENT_TARGET = 14.4;
				MTL_ENABLE_DEBUG_INFO = NO;
				MTL_FAST_MATH = YES;
				SDKROOT = iphoneos;
				SWIFT_COMPILATION_MODE = wholemodule;
				SWIFT_OPTIMIZATION_LEVEL = "-O";
				VALIDATE_PRODUCT = YES;
			};
			name = Release;
		};
		A0404A822732CE0D00C0F6F2 /* Debug */ = {
			isa = XCBuildConfiguration;
			buildSettings = {
				ASSETCATALOG_COMPILER_APPICON_NAME = AppIcon;
				ASSETCATALOG_COMPILER_GLOBAL_ACCENT_COLOR_NAME = AccentColor;
				CODE_SIGN_STYLE = Automatic;
				DEVELOPMENT_TEAM = 6V2ZR3A87S;
				INFOPLIST_FILE = PlayingCard/Info.plist;
				LD_RUNPATH_SEARCH_PATHS = (
					"$(inherited)",
					"@executable_path/Frameworks",
				);
				PRODUCT_BUNDLE_IDENTIFIER = JuanFranciscoBazanCarrizo.PlayingCard;
				PRODUCT_NAME = "$(TARGET_NAME)";
				SWIFT_VERSION = 5.0;
				TARGETED_DEVICE_FAMILY = "1,2";
			};
			name = Debug;
		};
		A0404A832732CE0D00C0F6F2 /* Release */ = {
			isa = XCBuildConfiguration;
			buildSettings = {
				ASSETCATALOG_COMPILER_APPICON_NAME = AppIcon;
				ASSETCATALOG_COMPILER_GLOBAL_ACCENT_COLOR_NAME = AccentColor;
				CODE_SIGN_STYLE = Automatic;
				DEVELOPMENT_TEAM = 6V2ZR3A87S;
				INFOPLIST_FILE = PlayingCard/Info.plist;
				LD_RUNPATH_SEARCH_PATHS = (
					"$(inherited)",
					"@executable_path/Frameworks",
				);
				PRODUCT_BUNDLE_IDENTIFIER = JuanFranciscoBazanCarrizo.PlayingCard;
				PRODUCT_NAME = "$(TARGET_NAME)";
				SWIFT_VERSION = 5.0;
				TARGETED_DEVICE_FAMILY = "1,2";
			};
			name = Release;
		};
/* End XCBuildConfiguration section */

/* Begin XCConfigurationList section */
		A0404A682732CE0B00C0F6F2 /* Build configuration list for PBXProject "PlayingCard" */ = {
			isa = XCConfigurationList;
			buildConfigurations = (
				A0404A7F2732CE0D00C0F6F2 /* Debug */,
				A0404A802732CE0D00C0F6F2 /* Release */,
			);
			defaultConfigurationIsVisible = 0;
			defaultConfigurationName = Release;
		};
		A0404A812732CE0D00C0F6F2 /* Build configuration list for PBXNativeTarget "PlayingCard" */ = {
			isa = XCConfigurationList;
			buildConfigurations = (
				A0404A822732CE0D00C0F6F2 /* Debug */,
				A0404A832732CE0D00C0F6F2 /* Release */,
			);
			defaultConfigurationIsVisible = 0;
			defaultConfigurationName = Release;
		};
/* End XCConfigurationList section */
	};
	rootObject = A0404A652732CE0B00C0F6F2 /* Project object */;
}
